
Microsoft Visual Studio Solution File, Format Version 12.00
# Visual Studio 15
VisualStudioVersion = 15.0.28307.271
MinimumVisualStudioVersion = 10.0.40219.1
Project("{FAE04EC0-301F-11D3-BF4B-00C04F79EFBC}") = "GoldBadgeChallenge", "GoldBadgeChallenge\GoldBadgeChallenge.csproj", "{9711671D-81E7-4F56-8710-997B76DEA747}"
EndProject
Project("{FAE04EC0-301F-11D3-BF4B-00C04F79EFBC}") = "01_Challenge", "01_Challenge\01_Challenge.csproj", "{805FF600-30CF-4D04-AEDB-DBE78513BCC4}"
EndProject
Project("{FAE04EC0-301F-11D3-BF4B-00C04F79EFBC}") = "BakerStreetBakery", "BakerStreetBakery\BakerStreetBakery.csproj", "{60B1A0AC-C70E-4A3A-9680-C5743C22CC53}"
EndProject
Project("{FAE04EC0-301F-11D3-BF4B-00C04F79EFBC}") = "02_Challenge", "02_Challenge\02_Challenge.csproj", "{17BADB54-A8A5-47E5-81FC-9A2D86E56FA2}"
EndProject
Project("{FAE04EC0-301F-11D3-BF4B-00C04F79EFBC}") = "03_Challenge", "03_Challenge\03_Challenge.csproj", "{088141FF-1586-4CAF-934C-E8F2EF052B60}"
EndProject
Global
	GlobalSection(SolutionConfigurationPlatforms) = preSolution
		Debug|Any CPU = Debug|Any CPU
		Debug|ARM = Debug|ARM
		Debug|ARM64 = Debug|ARM64
		Debug|x64 = Debug|x64
		Debug|x86 = Debug|x86
		Release|Any CPU = Release|Any CPU
		Release|ARM = Release|ARM
		Release|ARM64 = Release|ARM64
		Release|x64 = Release|x64
		Release|x86 = Release|x86
	EndGlobalSection
	GlobalSection(ProjectConfigurationPlatforms) = postSolution
		{9711671D-81E7-4F56-8710-997B76DEA747}.Debug|Any CPU.ActiveCfg = Debug|x86
		{9711671D-81E7-4F56-8710-997B76DEA747}.Debug|ARM.ActiveCfg = Debug|ARM
		{9711671D-81E7-4F56-8710-997B76DEA747}.Debug|ARM.Build.0 = Debug|ARM
		{9711671D-81E7-4F56-8710-997B76DEA747}.Debug|ARM.Deploy.0 = Debug|ARM
		{9711671D-81E7-4F56-8710-997B76DEA747}.Debug|ARM64.ActiveCfg = Debug|ARM64
		{9711671D-81E7-4F56-8710-997B76DEA747}.Debug|ARM64.Build.0 = Debug|ARM64
		{9711671D-81E7-4F56-8710-997B76DEA747}.Debug|ARM64.Deploy.0 = Debug|ARM64
		{9711671D-81E7-4F56-8710-997B76DEA747}.Debug|x64.ActiveCfg = Debug|x64
		{9711671D-81E7-4F56-8710-997B76DEA747}.Debug|x64.Build.0 = Debug|x64
		{9711671D-81E7-4F56-8710-997B76DEA747}.Debug|x64.Deploy.0 = Debug|x64
		{9711671D-81E7-4F56-8710-997B76DEA747}.Debug|x86.ActiveCfg = Debug|x86
		{9711671D-81E7-4F56-8710-997B76DEA747}.Debug|x86.Build.0 = Debug|x86
		{9711671D-81E7-4F56-8710-997B76DEA747}.Debug|x86.Deploy.0 = Debug|x86
		{9711671D-81E7-4F56-8710-997B76DEA747}.Release|Any CPU.ActiveCfg = Release|x86
		{9711671D-81E7-4F56-8710-997B76DEA747}.Release|ARM.ActiveCfg = Release|ARM
		{9711671D-81E7-4F56-8710-997B76DEA747}.Release|ARM.Build.0 = Release|ARM
		{9711671D-81E7-4F56-8710-997B76DEA747}.Release|ARM.Deploy.0 = Release|ARM
		{9711671D-81E7-4F56-8710-997B76DEA747}.Release|ARM64.ActiveCfg = Release|ARM64
		{9711671D-81E7-4F56-8710-997B76DEA747}.Release|ARM64.Build.0 = Release|ARM64
		{9711671D-81E7-4F56-8710-997B76DEA747}.Release|ARM64.Deploy.0 = Release|ARM64
		{9711671D-81E7-4F56-8710-997B76DEA747}.Release|x64.ActiveCfg = Release|x64
		{9711671D-81E7-4F56-8710-997B76DEA747}.Release|x64.Build.0 = Release|x64
		{9711671D-81E7-4F56-8710-997B76DEA747}.Release|x64.Deploy.0 = Release|x64
		{9711671D-81E7-4F56-8710-997B76DEA747}.Release|x86.ActiveCfg = Release|x86
		{9711671D-81E7-4F56-8710-997B76DEA747}.Release|x86.Build.0 = Release|x86
		{9711671D-81E7-4F56-8710-997B76DEA747}.Release|x86.Deploy.0 = Release|x86
		{805FF600-30CF-4D04-AEDB-DBE78513BCC4}.Debug|Any CPU.ActiveCfg = Debug|Any CPU
		{805FF600-30CF-4D04-AEDB-DBE78513BCC4}.Debug|Any CPU.Build.0 = Debug|Any CPU
		{805FF600-30CF-4D04-AEDB-DBE78513BCC4}.Debug|ARM.ActiveCfg = Debug|Any CPU
		{805FF600-30CF-4D04-AEDB-DBE78513BCC4}.Debug|ARM.Build.0 = Debug|Any CPU
		{805FF600-30CF-4D04-AEDB-DBE78513BCC4}.Debug|ARM64.ActiveCfg = Debug|Any CPU
		{805FF600-30CF-4D04-AEDB-DBE78513BCC4}.Debug|ARM64.Build.0 = Debug|Any CPU
		{805FF600-30CF-4D04-AEDB-DBE78513BCC4}.Debug|x64.ActiveCfg = Debug|Any CPU
		{805FF600-30CF-4D04-AEDB-DBE78513BCC4}.Debug|x64.Build.0 = Debug|Any CPU
		{805FF600-30CF-4D04-AEDB-DBE78513BCC4}.Debug|x86.ActiveCfg = Debug|Any CPU
		{805FF600-30CF-4D04-AEDB-DBE78513BCC4}.Debug|x86.Build.0 = Debug|Any CPU
		{805FF600-30CF-4D04-AEDB-DBE78513BCC4}.Release|Any CPU.ActiveCfg = Release|Any CPU
		{805FF600-30CF-4D04-AEDB-DBE78513BCC4}.Release|Any CPU.Build.0 = Release|Any CPU
		{805FF600-30CF-4D04-AEDB-DBE78513BCC4}.Release|ARM.ActiveCfg = Release|Any CPU
		{805FF600-30CF-4D04-AEDB-DBE78513BCC4}.Release|ARM.Build.0 = Release|Any CPU
		{805FF600-30CF-4D04-AEDB-DBE78513BCC4}.Release|ARM64.ActiveCfg = Release|Any CPU
		{805FF600-30CF-4D04-AEDB-DBE78513BCC4}.Release|ARM64.Build.0 = Release|Any CPU
		{805FF600-30CF-4D04-AEDB-DBE78513BCC4}.Release|x64.ActiveCfg = Release|Any CPU
		{805FF600-30CF-4D04-AEDB-DBE78513BCC4}.Release|x64.Build.0 = Release|Any CPU
		{805FF600-30CF-4D04-AEDB-DBE78513BCC4}.Release|x86.ActiveCfg = Release|Any CPU
		{805FF600-30CF-4D04-AEDB-DBE78513BCC4}.Release|x86.Build.0 = Release|Any CPU
		{60B1A0AC-C70E-4A3A-9680-C5743C22CC53}.Debug|Any CPU.ActiveCfg = Debug|Any CPU
		{60B1A0AC-C70E-4A3A-9680-C5743C22CC53}.Debug|Any CPU.Build.0 = Debug|Any CPU
		{60B1A0AC-C70E-4A3A-9680-C5743C22CC53}.Debug|ARM.ActiveCfg = Debug|Any CPU
		{60B1A0AC-C70E-4A3A-9680-C5743C22CC53}.Debug|ARM.Build.0 = Debug|Any CPU
		{60B1A0AC-C70E-4A3A-9680-C5743C22CC53}.Debug|ARM64.ActiveCfg = Debug|Any CPU
		{60B1A0AC-C70E-4A3A-9680-C5743C22CC53}.Debug|ARM64.Build.0 = Debug|Any CPU
		{60B1A0AC-C70E-4A3A-9680-C5743C22CC53}.Debug|x64.ActiveCfg = Debug|Any CPU
		{60B1A0AC-C70E-4A3A-9680-C5743C22CC53}.Debug|x64.Build.0 = Debug|Any CPU
		{60B1A0AC-C70E-4A3A-9680-C5743C22CC53}.Debug|x86.ActiveCfg = Debug|Any CPU
		{60B1A0AC-C70E-4A3A-9680-C5743C22CC53}.Debug|x86.Build.0 = Debug|Any CPU
		{60B1A0AC-C70E-4A3A-9680-C5743C22CC53}.Release|Any CPU.ActiveCfg = Release|Any CPU
		{60B1A0AC-C70E-4A3A-9680-C5743C22CC53}.Release|Any CPU.Build.0 = Release|Any CPU
		{60B1A0AC-C70E-4A3A-9680-C5743C22CC53}.Release|ARM.ActiveCfg = Release|Any CPU
		{60B1A0AC-C70E-4A3A-9680-C5743C22CC53}.Release|ARM.Build.0 = Release|Any CPU
		{60B1A0AC-C70E-4A3A-9680-C5743C22CC53}.Release|ARM64.ActiveCfg = Release|Any CPU
		{60B1A0AC-C70E-4A3A-9680-C5743C22CC53}.Release|ARM64.Build.0 = Release|Any CPU
		{60B1A0AC-C70E-4A3A-9680-C5743C22CC53}.Release|x64.ActiveCfg = Release|Any CPU
		{60B1A0AC-C70E-4A3A-9680-C5743C22CC53}.Release|x64.Build.0 = Release|Any CPU
		{60B1A0AC-C70E-4A3A-9680-C5743C22CC53}.Release|x86.ActiveCfg = Release|Any CPU
		{60B1A0AC-C70E-4A3A-9680-C5743C22CC53}.Release|x86.Build.0 = Release|Any CPU
		{17BADB54-A8A5-47E5-81FC-9A2D86E56FA2}.Debug|Any CPU.ActiveCfg = Debug|Any CPU
		{17BADB54-A8A5-47E5-81FC-9A2D86E56FA2}.Debug|Any CPU.Build.0 = Debug|Any CPU
		{17BADB54-A8A5-47E5-81FC-9A2D86E56FA2}.Debug|ARM.ActiveCfg = Debug|Any CPU
		{17BADB54-A8A5-47E5-81FC-9A2D86E56FA2}.Debug|ARM.Build.0 = Debug|Any CPU
		{17BADB54-A8A5-47E5-81FC-9A2D86E56FA2}.Debug|ARM64.ActiveCfg = Debug|Any CPU
		{17BADB54-A8A5-47E5-81FC-9A2D86E56FA2}.Debug|ARM64.Build.0 = Debug|Any CPU
		{17BADB54-A8A5-47E5-81FC-9A2D86E56FA2}.Debug|x64.ActiveCfg = Debug|Any CPU
		{17BADB54-A8A5-47E5-81FC-9A2D86E56FA2}.Debug|x64.Build.0 = Debug|Any CPU
		{17BADB54-A8A5-47E5-81FC-9A2D86E56FA2}.Debug|x86.ActiveCfg = Debug|Any CPU
		{17BADB54-A8A5-47E5-81FC-9A2D86E56FA2}.Debug|x86.Build.0 = Debug|Any CPU
		{17BADB54-A8A5-47E5-81FC-9A2D86E56FA2}.Release|Any CPU.ActiveCfg = Release|Any CPU
		{17BADB54-A8A5-47E5-81FC-9A2D86E56FA2}.Release|Any CPU.Build.0 = Release|Any CPU
		{17BADB54-A8A5-47E5-81FC-9A2D86E56FA2}.Release|ARM.ActiveCfg = Release|Any CPU
		{17BADB54-A8A5-47E5-81FC-9A2D86E56FA2}.Release|ARM.Build.0 = Release|Any CPU
		{17BADB54-A8A5-47E5-81FC-9A2D86E56FA2}.Release|ARM64.ActiveCfg = Release|Any CPU
		{17BADB54-A8A5-47E5-81FC-9A2D86E56FA2}.Release|ARM64.Build.0 = Release|Any CPU
		{17BADB54-A8A5-47E5-81FC-9A2D86E56FA2}.Release|x64.ActiveCfg = Release|Any CPU
		{17BADB54-A8A5-47E5-81FC-9A2D86E56FA2}.Release|x64.Build.0 = Release|Any CPU
		{17BADB54-A8A5-47E5-81FC-9A2D86E56FA2}.Release|x86.ActiveCfg = Release|Any CPU
		{17BADB54-A8A5-47E5-81FC-9A2D86E56FA2}.Release|x86.Build.0 = Release|Any CPU
		{088141FF-1586-4CAF-934C-E8F2EF052B60}.Debug|Any CPU.ActiveCfg = Debug|Any CPU
		{088141FF-1586-4CAF-934C-E8F2EF052B60}.Debug|Any CPU.Build.0 = Debug|Any CPU
		{088141FF-1586-4CAF-934C-E8F2EF052B60}.Debug|ARM.ActiveCfg = Debug|Any CPU
		{088141FF-1586-4CAF-934C-E8F2EF052B60}.Debug|ARM.Build.0 = Debug|Any CPU
		{088141FF-1586-4CAF-934C-E8F2EF052B60}.Debug|ARM64.ActiveCfg = Debug|Any CPU
		{088141FF-1586-4CAF-934C-E8F2EF052B60}.Debug|ARM64.Build.0 = Debug|Any CPU
		{088141FF-1586-4CAF-934C-E8F2EF052B60}.Debug|x64.ActiveCfg = Debug|Any CPU
		{088141FF-1586-4CAF-934C-E8F2EF052B60}.Debug|x64.Build.0 = Debug|Any CPU
		{088141FF-1586-4CAF-934C-E8F2EF052B60}.Debug|x86.ActiveCfg = Debug|Any CPU
		{088141FF-1586-4CAF-934C-E8F2EF052B60}.Debug|x86.Build.0 = Debug|Any CPU
		{088141FF-1586-4CAF-934C-E8F2EF052B60}.Release|Any CPU.ActiveCfg = Release|Any CPU
		{088141FF-1586-4CAF-934C-E8F2EF052B60}.Release|Any CPU.Build.0 = Release|Any CPU
		{088141FF-1586-4CAF-934C-E8F2EF052B60}.Release|ARM.ActiveCfg = Release|Any CPU
		{088141FF-1586-4CAF-934C-E8F2EF052B60}.Release|ARM.Build.0 = Release|Any CPU
		{088141FF-1586-4CAF-934C-E8F2EF052B60}.Release|ARM64.ActiveCfg = Release|Any CPU
		{088141FF-1586-4CAF-934C-E8F2EF052B60}.Release|ARM64.Build.0 = Release|Any CPU
		{088141FF-1586-4CAF-934C-E8F2EF052B60}.Release|x64.ActiveCfg = Release|Any CPU
		{088141FF-1586-4CAF-934C-E8F2EF052B60}.Release|x64.Build.0 = Release|Any CPU
		{088141FF-1586-4CAF-934C-E8F2EF052B60}.Release|x86.ActiveCfg = Release|Any CPU
		{088141FF-1586-4CAF-934C-E8F2EF052B60}.Release|x86.Build.0 = Release|Any CPU
	EndGlobalSection
	GlobalSection(SolutionProperties) = preSolution
		HideSolutionNode = FALSE
	EndGlobalSection
	GlobalSection(ExtensibilityGlobals) = postSolution
		SolutionGuid = {E66449E1-A925-4D52-BB1F-F16BF35B9563}
	EndGlobalSection
EndGlobal
